
Microsoft Visual Studio Solution File, Format Version 12.00
# Visual Studio Version 17
VisualStudioVersion = 17.1.32319.34
MinimumVisualStudioVersion = 10.0.40219.1
Project("{FAE04EC0-301F-11D3-BF4B-00C04F79EFBC}") = "TennisBookings", "TennisBookings\TennisBookings.csproj", "{2D0A7AC0-F296-425C-A4D3-DC0B3C8FC430}"
EndProject
Global
	GlobalSection(SolutionConfigurationPlatforms) = preSolution
		Debug|Any CPU = Debug|Any CPU
		Release|Any CPU = Release|Any CPU
	EndGlobalSection
	GlobalSection(ProjectConfigurationPlatforms) = postSolution
		{2D0A7AC0-F296-425C-A4D3-DC0B3C8FC430}.Debug|Any CPU.ActiveCfg = Debug|Any CPU
		{2D0A7AC0-F296-425C-A4D3-DC0B3C8FC430}.Debug|Any CPU.Build.0 = Debug|Any CPU
		{2D0A7AC0-F296-425C-A4D3-DC0B3C8FC430}.Release|Any CPU.ActiveCfg = Release|Any CPU
		{2D0A7AC0-F296-425C-A4D3-DC0B3C8FC430}.Release|Any CPU.Build.0 = Release|Any CPU
	EndGlobalSection
	GlobalSection(SolutionProperties) = preSolution
		HideSolutionNode = FALSE
	EndGlobalSection
	GlobalSection(ExtensibilityGlobals) = postSolution
		SolutionGuid = {AAFE39B2-998C-41F9-A7A8-DD64DAD83709}
	EndGlobalSection
EndGlobal
